
Microsoft Visual Studio Solution File, Format Version 12.00
# Visual Studio Version 16
VisualStudioVersion = 16.0.29326.143
MinimumVisualStudioVersion = 10.0.40219.1
Project("{FAE04EC0-301F-11D3-BF4B-00C04F79EFBC}") = "ACM.BL", "ACM.BL\ACM.BL.csproj", "{AE38A76E-35F9-4050-91CC-E8C819CD0478}"
EndProject
Project("{2150E333-8FDC-42A3-9474-1A3956D46DE8}") = "Tests", "Tests", "{B59B30DA-9090-4CAE-A1BF-01D5CB27B779}"
EndProject
Project("{FAE04EC0-301F-11D3-BF4B-00C04F79EFBC}") = "ACM.BLTest", "Tests\ACM.BLTest\ACM.BLTest.csproj", "{412D64AA-6ACE-47E2-BDAE-7CFEB2A32EA7}"
EndProject
Project("{FAE04EC0-301F-11D3-BF4B-00C04F79EFBC}") = "Acme.Common", "Acme.Common\Acme.Common.csproj", "{2BE47D87-5229-4681-AD9A-C0654CCE5CD5}"
EndProject
Project("{FAE04EC0-301F-11D3-BF4B-00C04F79EFBC}") = "Acme.Common.Test", "Acme.Common.Test\Acme.Common.Test.csproj", "{7BEA3396-B227-4313-AA6B-178496AEBAE6}"
EndProject
Global
	GlobalSection(SolutionConfigurationPlatforms) = preSolution
		Debug|Any CPU = Debug|Any CPU
		Release|Any CPU = Release|Any CPU
	EndGlobalSection
	GlobalSection(ProjectConfigurationPlatforms) = postSolution
		{AE38A76E-35F9-4050-91CC-E8C819CD0478}.Debug|Any CPU.ActiveCfg = Debug|Any CPU
		{AE38A76E-35F9-4050-91CC-E8C819CD0478}.Debug|Any CPU.Build.0 = Debug|Any CPU
		{AE38A76E-35F9-4050-91CC-E8C819CD0478}.Release|Any CPU.ActiveCfg = Release|Any CPU
		{AE38A76E-35F9-4050-91CC-E8C819CD0478}.Release|Any CPU.Build.0 = Release|Any CPU
		{412D64AA-6ACE-47E2-BDAE-7CFEB2A32EA7}.Debug|Any CPU.ActiveCfg = Debug|Any CPU
		{412D64AA-6ACE-47E2-BDAE-7CFEB2A32EA7}.Debug|Any CPU.Build.0 = Debug|Any CPU
		{412D64AA-6ACE-47E2-BDAE-7CFEB2A32EA7}.Release|Any CPU.ActiveCfg = Release|Any CPU
		{412D64AA-6ACE-47E2-BDAE-7CFEB2A32EA7}.Release|Any CPU.Build.0 = Release|Any CPU
		{2BE47D87-5229-4681-AD9A-C0654CCE5CD5}.Debug|Any CPU.ActiveCfg = Debug|Any CPU
		{2BE47D87-5229-4681-AD9A-C0654CCE5CD5}.Debug|Any CPU.Build.0 = Debug|Any CPU
		{2BE47D87-5229-4681-AD9A-C0654CCE5CD5}.Release|Any CPU.ActiveCfg = Release|Any CPU
		{2BE47D87-5229-4681-AD9A-C0654CCE5CD5}.Release|Any CPU.Build.0 = Release|Any CPU
		{7BEA3396-B227-4313-AA6B-178496AEBAE6}.Debug|Any CPU.ActiveCfg = Debug|Any CPU
		{7BEA3396-B227-4313-AA6B-178496AEBAE6}.Debug|Any CPU.Build.0 = Debug|Any CPU
		{7BEA3396-B227-4313-AA6B-178496AEBAE6}.Release|Any CPU.ActiveCfg = Release|Any CPU
		{7BEA3396-B227-4313-AA6B-178496AEBAE6}.Release|Any CPU.Build.0 = Release|Any CPU
	EndGlobalSection
	GlobalSection(SolutionProperties) = preSolution
		HideSolutionNode = FALSE
	EndGlobalSection
	GlobalSection(NestedProjects) = preSolution
		{412D64AA-6ACE-47E2-BDAE-7CFEB2A32EA7} = {B59B30DA-9090-4CAE-A1BF-01D5CB27B779}
		{7BEA3396-B227-4313-AA6B-178496AEBAE6} = {B59B30DA-9090-4CAE-A1BF-01D5CB27B779}
	EndGlobalSection
	GlobalSection(ExtensibilityGlobals) = postSolution
		SolutionGuid = {28AFE8B2-6F42-4C53-AC5F-B9AEDAD3DD3A}
	EndGlobalSection
EndGlobal
